# THIS IS AN AUTOGENERATED FILE. DO NOT EDIT THIS FILE DIRECTLY.
# yarn lockfile v1


base64-js@^1.0.2:
  version "1.3.0"
  resolved "https://registry.yarnpkg.com/base64-js/-/base64-js-1.3.0.tgz#cab1e6118f051095e58b5281aea8c1cd22bfc0e3"
  integrity sha512-ccav/yGvoa80BQDljCxsmmQ3Xvx60/UpBIij5QN21W3wBi/hhIC9OoO+KLpu9IJTS9j4DRVJ3aDDF9cMSoa2lw==

buffer@^5.1.0:
  version "5.2.1"
  resolved "https://registry.yarnpkg.com/buffer/-/buffer-5.2.1.tgz#dd57fa0f109ac59c602479044dca7b8b3d0b71d6"
  integrity sha512-c+Ko0loDaFfuPWiL02ls9Xd3GO3cPVmUobQ6t3rXNUk304u6hGq+8N/kFi+QEIKhzK3uwolVhLzszmfLmMLnqg==
  dependencies:
    base64-js "^1.0.2"
    ieee754 "^1.1.4"

core-util-is@^1.0.2:
  version "1.0.2"
  resolved "https://registry.yarnpkg.com/core-util-is/-/core-util-is-1.0.2.tgz#b5fd54220aa2bc5ab57aab7140c940754503c1a7"
  integrity sha1-tf1UIgqivFq1eqtxQMlAdUUDwac=

crc@^3.4.4:
  version "3.8.0"
  resolved "https://registry.yarnpkg.com/crc/-/crc-3.8.0.tgz#ad60269c2c856f8c299e2c4cc0de4556914056c6"
  integrity sha512-iX3mfgcTMIq3ZKLIsVFAbv7+Mc10kxabAGQb8HvjA1o3T1PIYprbakQ65d3I+2HGHt6nSKkM9PYjgoJO2KcFBQ==
  dependencies:
    buffer "^5.1.0"

debug@^3.1.0:
  version "3.2.6"
  resolved "https://registry.yarnpkg.com/debug/-/debug-3.2.6.tgz#e83d17de16d8a7efb7717edbe5fb10135eee629b"
  integrity sha512-mel+jf7nrtEl5Pn1Qx46zARXKDpBbvzezse7p7LqINmdoIk8PYP5SySaxEmYv6TZ0JyEKA1hsCId6DIhgITtWQ==
  dependencies:
    ms "^2.1.1"

ieee754@^1.1.4:
  version "1.1.13"
  resolved "https://registry.yarnpkg.com/ieee754/-/ieee754-1.1.13.tgz#ec168558e95aa181fd87d37f55c32bbcb6708b84"
  integrity sha512-4vf7I2LYV/HaWerSo3XmlMkp5eZ83i+/CDluXi/IGTs/O1sejBNhTtnxzmRZfvOUqj7lZjqHkeTvpgSFDlWZTg==

is-class-hotfix@~0.0.6:
  version "0.0.6"
  resolved "https://registry.yarnpkg.com/is-class-hotfix/-/is-class-hotfix-0.0.6.tgz#a527d31fb23279281dde5f385c77b5de70a72435"
  integrity sha512-0n+pzCC6ICtVr/WXnN2f03TK/3BfXY7me4cjCAqT8TYXEl0+JBRoqBo94JJHXcyDSLUeWbNX8Fvy5g5RJdAstQ==

is-type-of@^1.0.0:
  version "1.2.1"
  resolved "https://registry.yarnpkg.com/is-type-of/-/is-type-of-1.2.1.tgz#e263ec3857aceb4f28c47130ec78db09a920f8c5"
  integrity sha512-uK0kyX9LZYhSDS7H2sVJQJop1UnWPWmo5RvR3q2kFH6AUHYs7sOrVg0b4nyBHw29kRRNFofYN/JbHZDlHiItTA==
  dependencies:
    core-util-is "^1.0.2"
    is-class-hotfix "~0.0.6"
    isstream "~0.1.2"

isstream@~0.1.2:
  version "0.1.2"
  resolved "https://registry.yarnpkg.com/isstream/-/isstream-0.1.2.tgz#47e63f7af55afa6f92e1500e690eb8b8529c099a"
  integrity sha1-R+Y/evVa+m+S4VAOaQ64uFKcCZo=

koa-session@^5.11.0:
  version "5.11.0"
  resolved "https://registry.yarnpkg.com/koa-session/-/koa-session-5.11.0.tgz#e050119705898be6279772b72927e955a2b44a8e"
  integrity sha512-PET3jcnZBdyykWmw9ycNgOf87JKscSU9X4D9VBT16UJ7Z1EMBTQLvdI4gCf9nuTsKjXTgiAprAjLum98nsoVkA==
  dependencies:
    crc "^3.4.4"
    debug "^3.1.0"
    is-type-of "^1.0.0"
    uuid "^3.3.2"

ms@^2.1.1:
  version "2.1.1"
  resolved "https://registry.yarnpkg.com/ms/-/ms-2.1.1.tgz#30a5864eb3ebb0a66f2ebe6d727af06a09d86e0a"
  integrity sha512-tgp+dl5cGk28utYktBsrFqA7HKgrhgPsg6Z/EfhWI4gl1Hwq8B/GmY/0oXZ6nF8hDVesS/FpnYaD/kOWhYQvyg==

uuid@^3.3.2:
  version "3.3.2"
  resolved "https://registry.yarnpkg.com/uuid/-/uuid-3.3.2.tgz#1b4af4955eb3077c501c23872fc6513811587131"
  integrity sha512-yXJmeNaw3DnnKAOKJE51sL/ZaYfWJRl1pK9dr19YFCu0ObS231AB1/LbqTKRAQ5kw8A90rA6fr4riOUpTZvQZA==
